{
  "name": "conversorfechas",
  "version": "1.0.0",
  "lockfileVersion": 2,
  "requires": true,
  "packages": {
    "": {
      "name": "conversorfechas",
      "version": "1.0.0",
      "license": "ISC",
      "dependencies": {
        "moment": "^2.25.0"
      }
    },
    "node_modules/moment": {
      "version": "2.25.0",
      "resolved": "https://registry.npmjs.org/moment/-/moment-2.25.0.tgz",
      "integrity": "sha512-vbrf6kJGpevOxmDRvCCvGuCSXvRj93264WcFzjm3Z3pV4lfjrXll8rvSP+EbmCte64udj1LkJMILxQnjXAQBzg==",
      "engines": {
        "node": "*"
      }
    }
  },
  "dependencies": {
    "moment": {
      "version": "2.25.0",
      "resolved": "https://registry.npmjs.org/moment/-/moment-2.25.0.tgz",
      "integrity": "sha512-vbrf6kJGpevOxmDRvCCvGuCSXvRj93264WcFzjm3Z3pV4lfjrXll8rvSP+EbmCte64udj1LkJMILxQnjXAQBzg=="
    }
  }
}
